# THIS IS AN AUTOGENERATED FILE. DO NOT EDIT THIS FILE DIRECTLY.
# yarn lockfile v1


"@angular/common@^4.2.6":
  version "4.2.6"
  resolved "https://registry.yarnpkg.com/@angular/common/-/common-4.2.6.tgz#210ace4bd24e375f8b41ba52feb34b18a887d5da"
  dependencies:
    tslib "^1.7.1"

"@angular/compiler-cli@^4.2.6":
  version "4.2.6"
  resolved "https://registry.yarnpkg.com/@angular/compiler-cli/-/compiler-cli-4.2.6.tgz#8a21352299f3ebd1e3f17581054164566ca306be"
  dependencies:
    "@angular/tsc-wrapped" "4.2.6"
    minimist "^1.2.0"
    reflect-metadata "^0.1.2"

"@angular/compiler@^4.2.6":
  version "4.2.6"
  resolved "https://registry.yarnpkg.com/@angular/compiler/-/compiler-4.2.6.tgz#667756d495ca0d45d2061268a10d52af839faff4"
  dependencies:
    tslib "^1.7.1"

"@angular/core@^4.2.6":
  version "4.2.6"
  resolved "https://registry.yarnpkg.com/@angular/core/-/core-4.2.6.tgz#0c1c8ff0157f076f4a7c0b721ca1423f1bbe164e"
  dependencies:
    tslib "^1.7.1"

"@angular/tsc-wrapped@4.2.6":
  version "4.2.6"
  resolved "https://registry.yarnpkg.com/@angular/tsc-wrapped/-/tsc-wrapped-4.2.6.tgz#60e44b5b38f3340ee14c54a58a7a07133c64e898"
  dependencies:
    tsickle "^0.21.0"

minimist@0.0.8:
  version "0.0.8"
  resolved "https://registry.yarnpkg.com/minimist/-/minimist-0.0.8.tgz#857fcabfc3397d2625b8228262e86aa7a011b05d"

minimist@^1.2.0:
  version "1.2.0"
  resolved "https://registry.yarnpkg.com/minimist/-/minimist-1.2.0.tgz#a35008b20f41383eec1fb914f4cd5df79a264284"

mkdirp@^0.5.1:
  version "0.5.1"
  resolved "https://registry.yarnpkg.com/mkdirp/-/mkdirp-0.5.1.tgz#30057438eac6cf7f8c4767f38648d6697d75c903"
  dependencies:
    minimist "0.0.8"

pell@^0.4.0:
  version "0.4.0"
  resolved "https://registry.yarnpkg.com/pell/-/pell-0.4.0.tgz#bf2092ece7bdaa26aaa552779b2f40f2d4536130"

rxjs@^5.4.2:
  version "5.4.2"
  resolved "https://registry.yarnpkg.com/rxjs/-/rxjs-5.4.2.tgz#2a3236fcbf03df57bae06fd6972fd99e5c08fcf7"
  dependencies:
    symbol-observable "^1.0.1"

symbol-observable@^1.0.1:
  version "1.0.4"
  resolved "https://registry.yarnpkg.com/symbol-observable/-/symbol-observable-1.0.4.tgz#29bf615d4aa7121bdd898b22d4b3f9bc4e2aa03d"

tslib@^1.7.1:
  version "1.7.1"
  resolved "https://registry.yarnpkg.com/tslib/-/tslib-1.7.1.tgz#bc8004164691923a79fe8378bbeb3da2017538ec"

zone.js@^0.8.14:
  version "0.8.14"
  resolved "https://registry.yarnpkg.com/zone.js/-/zone.js-0.8.14.tgz#0c4db24b178232274ccb43f78c99db7f3642b6cf"
